
Microsoft Visual Studio Solution File, Format Version 11.00
# Visual Studio 2010
Project("{8BC9CEB8-8B4A-11D0-8D11-00A0C91BC942}") = "radix sort", "radix sort\radix sort.vcxproj", "{B1A20DBA-7CB5-4372-AD81-36EF9EEA038E}"
EndProject
Global
	GlobalSection(SolutionConfigurationPlatforms) = preSolution
		Debug|Win32 = Debug|Win32
		Release|Win32 = Release|Win32
	EndGlobalSection
	GlobalSection(ProjectConfigurationPlatforms) = postSolution
		{B1A20DBA-7CB5-4372-AD81-36EF9EEA038E}.Debug|Win32.ActiveCfg = Debug|Win32
		{B1A20DBA-7CB5-4372-AD81-36EF9EEA038E}.Debug|Win32.Build.0 = Debug|Win32
		{B1A20DBA-7CB5-4372-AD81-36EF9EEA038E}.Release|Win32.ActiveCfg = Release|Win32
		{B1A20DBA-7CB5-4372-AD81-36EF9EEA038E}.Release|Win32.Build.0 = Release|Win32
	EndGlobalSection
	GlobalSection(SolutionProperties) = preSolution
		HideSolutionNode = FALSE
	EndGlobalSection
EndGlobal
